{
    "name": "lsplugin",
    "version": "1.0.0",
    "lockfileVersion": 1,
    "dependencies": {
        "sg-ble": {
            "version": "file:../ls-ble.backup/src/module/ble",
            "dependencies": {
                "@babel/code-frame": {
                    "version": "7.18.6"
                },
                "@babel/helper-validator-identifier": {
                    "version": "7.18.6"
                },
                "@babel/highlight": {
                    "version": "7.18.6"
                },
                "@jridgewell/gen-mapping": {
                    "version": "0.3.2"
                },
                "@jridgewell/resolve-uri": {
                    "version": "3.1.0"
                },
                "@jridgewell/set-array": {
                    "version": "1.1.2"
                },
                "@jridgewell/source-map": {
                    "version": "0.3.2"
                },
                "@jridgewell/sourcemap-codec": {
                    "version": "1.4.14"
                },
                "@jridgewell/trace-mapping": {
                    "version": "0.3.14"
                },
                "@types/node": {
                    "version": "18.6.1"
                },
                "@types/weixin-app": {
                    "version": "2.9.3"
                },
                "acorn": {
                    "version": "8.8.0"
                },
                "ansi-styles": {
                    "version": "3.2.1"
                },
                "buffer-from": {
                    "version": "1.1.2"
                },
                "chalk": {
                    "version": "2.4.2"
                },
                "color-convert": {
                    "version": "1.9.3"
                },
                "color-name": {
                    "version": "1.1.3"
                },
                "commander": {
                    "version": "2.20.3"
                },
                "escape-string-regexp": {
                    "version": "1.0.5"
                },
                "fsevents": {
                    "version": "2.3.2",
                    "optional": true
                },
                "has-flag": {
                    "version": "3.0.0"
                },
                "jest-worker": {
                    "version": "26.6.2",
                    "dependencies": {
                        "has-flag": {
                            "version": "4.0.0"
                        },
                        "supports-color": {
                            "version": "7.2.0"
                        }
                    }
                },
                "js-tokens": {
                    "version": "4.0.0"
                },
                "merge-stream": {
                    "version": "2.0.0"
                },
                "miniprogram-api-typings": {
                    "version": "3.5.0"
                },
                "randombytes": {
                    "version": "2.1.0"
                },
                "rollup": {
                    "version": "2.75.6"
                },
                "rollup-plugin-terser": {
                    "version": "7.0.2"
                },
                "safe-buffer": {
                    "version": "5.2.1"
                },
                "serialize-javascript": {
                    "version": "4.0.0"
                },
                "source-map": {
                    "version": "0.6.1"
                },
                "source-map-support": {
                    "version": "0.5.21"
                },
                "supports-color": {
                    "version": "5.5.0"
                },
                "terser": {
                    "version": "5.14.2"
                },
                "typescript": {
                    "version": "4.7.4"
                }
            }
        },
        "sg-bloodpressure": {
            "version": "1.1.2",
            "resolved": "https://registry.npmjs.org/sg-bloodpressure/-/sg-bloodpressure-1.1.2.tgz",
            "integrity": "sha512-FLOWXWkqPz1FqxAu1nilIAm4BunmAS0hDYEdiUFX6UiUznla8J0BL0qKHMVCGbPWdFrkkEywo4dawz7+ylGxuQ=="
        },
        "sg-box": {
            "version": "1.1.2",
            "resolved": "https://registry.npmjs.org/sg-box/-/sg-box-1.1.2.tgz",
            "integrity": "sha512-rMvvzbR2iUHBmqygMBl+pGxUJbNFfFcY7VWL9bWie3eGnDpsIdMc9Hlqx9+4Xg4U7L1FK+0brL2WKv8nICmYwA=="
        },
        "sg-bracelet": {
            "version": "1.1.2",
            "resolved": "https://registry.npmjs.org/sg-bracelet/-/sg-bracelet-1.1.2.tgz",
            "integrity": "sha512-l3qZ7lTqKSElAxvrpxnGI9pOq4l3yGzUDY4oMdPHfCh4eOEQ53uRLKL4Mnv6woQ3gr/qze+HXyH0EtAfkTf0cA=="
        },
        "sg-cavosmart": {
            "version": "1.0.0",
            "resolved": "https://registry.npmjs.org/sg-cavosmart/-/sg-cavosmart-1.0.0.tgz",
            "integrity": "sha512-hUTUIODJJ7pkmUDmUoohNdtlfk8x5zBS3FnfhPXj0bbzNizmOGel+LC+/OVmac6iK0QqPyqD/KRZZzuPrFgFUw=="
        },
        "sg-dumbbell": {
            "version": "1.1.2",
            "resolved": "https://registry.npmjs.org/sg-dumbbell/-/sg-dumbbell-1.1.2.tgz",
            "integrity": "sha512-NQ5VmX19vyIO7CstL3dNFcHkplm1to0qRmST3xzmiKV/I3PQWoojjfBIzwpRcSiyrHdj6D5xreJ5GO99XgxA4Q=="
        },
        "sg-scale": {
            "version": "1.1.2",
            "resolved": "https://registry.npmjs.org/sg-scale/-/sg-scale-1.1.2.tgz",
            "integrity": "sha512-Lx9CLJY4ERsgX1S8IQazVIKTcrzWyhwkTiNcf1IKCdk8J1bKNYSPoS39S/ygamhc+OqGofsGHQDSNSfkF+wnbg=="
        },
        "sg-skip": {
            "version": "1.1.2",
            "resolved": "https://registry.npmjs.org/sg-skip/-/sg-skip-1.1.2.tgz",
            "integrity": "sha512-t+ngkJKRqofkAlgmAXCneA1/MReL+WShEWFlz1TsVrkJZT76ijGmZHJzDz3+NbTrP1WR3v80mKKoKCPWaUCk/g=="
        }
    }
}
