{
  "name": "lsplugin",
  "version": "1.0.0",
  "lockfileVersion": 2,
  "requires": true,
  "packages": {
    "": {
      "name": "lsplugin",
      "version": "1.0.0",
      "license": "ISC",
      "dependencies": {
        "sg-ble-next": "^1.0.0"
      }
    },
    " ../ls-ble": {
      "extraneous": true
    },
    "../ls-ble": {
      "name": "@ls/ble-next",
      "version": "0.4.3",
      "extraneous": true,
      "devDependencies": {
        "@types/weixin-app": "^2.9.1",
        "miniprogram-api-typings": "^3.0.2",
        "typescript": "^4.0.2"
      }
    },
    "node_modules/sg-ble-next": {
      "version": "1.0.0",
      "resolved": "https://registry.npmjs.org/sg-ble-next/-/sg-ble-next-1.0.0.tgz",
      "integrity": "sha512-khrkFAsurn49k6wo28Aa1ZoE/SppA6Wsf2/c+clz7+Un9iyejN4Kb1FBADRKyEB5L1BH+xieVMnwO7BTU0WySQ=="
    }
  },
  "dependencies": {
    "sg-ble-next": {
      "version": "1.0.0",
      "resolved": "https://registry.npmjs.org/sg-ble-next/-/sg-ble-next-1.0.0.tgz",
      "integrity": "sha512-khrkFAsurn49k6wo28Aa1ZoE/SppA6Wsf2/c+clz7+Un9iyejN4Kb1FBADRKyEB5L1BH+xieVMnwO7BTU0WySQ=="
    }
  }
}
