{
    "name": "lsplugin",
    "version": "1.0.0",
    "lockfileVersion": 1,
    "requires": true,
    "dependencies": {
        "aes-js": {
            "version": "3.1.2",
            "resolved": "https://registry.npmmirror.com/aes-js/-/aes-js-3.1.2.tgz",
            "integrity": "sha512-e5pEa2kBnBOgR4Y/p20pskXI74UEz7de8ZGVo58asOtvSVG5YAbJeELPZxOmt+Bnz3rX753YKhfIn4X4l1PPRQ=="
        },
        "sg-ble": {
            "version": "2.2.14",
            "resolved": "https://registry.npmmirror.com/sg-ble/-/sg-ble-2.2.14.tgz",
            "integrity": "sha512-fBDIJWcGP99w9o6B9ZTu3AYNxZcVEpNH+9AKk2KS2vv0F8eOlmKSmWqJdcGeO4NXyCmt18NjoAG/jaEcWxepvw=="
        },
        "sg-bloodpressure": {
            "version": "2.2.14",
            "resolved": "https://registry.npmmirror.com/sg-bloodpressure/-/sg-bloodpressure-2.2.14.tgz",
            "integrity": "sha512-S6kWaqQzdsTouLYVpCiO4P+mjuYIP/fQ5DvE1f6BkX1IJMShAuqonfwVns2Xr8VdnCPIh/H5Vc5Y6UQtvF8H/g==",
            "requires": {
                "sg-ble": "^2.1.1"
            }
        },
        "sg-box": {
            "version": "2.2.14",
            "resolved": "https://registry.npmmirror.com/sg-box/-/sg-box-2.2.14.tgz",
            "integrity": "sha512-PQK6scn3lcdq4+5qlZGBgHo/7pDOj8dzymm3iHCjChjO967yeNA5lQuAjcXxLkwgRFP6iVQcOu6TPTQR8VlBOQ==",
            "requires": {
                "sg-ble": "^2.1.9"
            }
        },
        "sg-bracelet": {
            "version": "2.2.14",
            "resolved": "https://registry.npmmirror.com/sg-bracelet/-/sg-bracelet-2.2.14.tgz",
            "integrity": "sha512-ccQvmNlbgSLcUw1VfPXWh+ALHBaeBoC1ALcjez5IESLArEVNQJt80ERhL11EUK5pLUbSvro8WrTiPTQ1ez+mlg==",
            "requires": {
                "sg-ble": "^2.1.0"
            }
        },
        "sg-cavosmart": {
            "version": "2.2.14",
            "resolved": "https://registry.npmmirror.com/sg-cavosmart/-/sg-cavosmart-2.2.14.tgz",
            "integrity": "sha512-CbzWt4wKMLlhejLCB7cbJJQOkqlQqaPdvlK1W816zAUuFvA8Ssus6OsbnxIcvpyaoIaoufFvJLMDzts5HMZG1A==",
            "requires": {
                "aes-js": "^3.1.2",
                "sg-ble": "^2.1.0"
            }
        },
        "sg-dumbbell": {
            "version": "2.2.14",
            "resolved": "https://registry.npmmirror.com/sg-dumbbell/-/sg-dumbbell-2.2.14.tgz",
            "integrity": "sha512-Rr12eJWAaO1iijE/hPzmSwj6qw6z4Q1jnAIfKIDXOfOKIiUQeGY1CgCR/VmjGyWU3C5mXxcnQ3MGcoxe671Zyw==",
            "requires": {
                "sg-ble": "^2.1.0"
            }
        },
        "sg-glucose": {
            "version": "2.2.14",
            "resolved": "https://registry.npmmirror.com/sg-glucose/-/sg-glucose-2.2.14.tgz",
            "integrity": "sha512-IQ+TYXPq6wwmngeP/u1jNkZhUbMbXbax3ltE7UATbCego5BkXXfaYkvHoVbfuc245wh6w7IoQaC/8K6hcewhPg==",
            "requires": {
                "sg-ble": "^2.1.10"
            }
        },
        "sg-scale": {
            "version": "2.2.14",
            "resolved": "https://registry.npmmirror.com/sg-scale/-/sg-scale-2.2.14.tgz",
            "integrity": "sha512-BG/uB0GMRi2HAmhoxVGKuJvEPgpZkWe9wNV73Exo2s8LU/tFqMzJmEUMpByDvqd5WgNjo2Ahls62wvi8zBAH1g==",
            "requires": {
                "sg-ble": "^2.1.0"
            }
        },
        "sg-skip": {
            "version": "2.2.14",
            "resolved": "https://registry.npmmirror.com/sg-skip/-/sg-skip-2.2.14.tgz",
            "integrity": "sha512-ZKlQlBKisK8gtjSx/5dc3xY4CzbxHwEt+NU+TqTmKaaSLoGgngaUQAKVrWm8mVKWDDUqyaWvD9il9oeIshtpbQ==",
            "requires": {
                "sg-ble": "^2.1.0"
            }
        }
    }
}
